
Microsoft Visual Studio Solution File, Format Version 12.00
# Visual Studio 14
VisualStudioVersion = 14.0.25420.1
MinimumVisualStudioVersion = 10.0.40219.1
Project("{FAE04EC0-301F-11D3-BF4B-00C04F79EFBC}") = "ContosoUniversity", "CourseAlignments\ContosoUniversity.csproj", "{70815FBE-B34B-4CF3-85EC-6B8939D92310}"
EndProject
Project("{FAE04EC0-301F-11D3-BF4B-00C04F79EFBC}") = "ContosoUniversity.Tests", "CourseAlignments.Tests\ContosoUniversity.Tests.csproj", "{B2E92BA8-51CD-4B67-BF69-1864C0C0E47D}"
EndProject
Global
	GlobalSection(SolutionConfigurationPlatforms) = preSolution
		Debug|Any CPU = Debug|Any CPU
		Release|Any CPU = Release|Any CPU
	EndGlobalSection
	GlobalSection(ProjectConfigurationPlatforms) = postSolution
		{70815FBE-B34B-4CF3-85EC-6B8939D92310}.Debug|Any CPU.ActiveCfg = Debug|Any CPU
		{70815FBE-B34B-4CF3-85EC-6B8939D92310}.Debug|Any CPU.Build.0 = Debug|Any CPU
		{70815FBE-B34B-4CF3-85EC-6B8939D92310}.Release|Any CPU.ActiveCfg = Release|Any CPU
		{70815FBE-B34B-4CF3-85EC-6B8939D92310}.Release|Any CPU.Build.0 = Release|Any CPU
		{B2E92BA8-51CD-4B67-BF69-1864C0C0E47D}.Debug|Any CPU.ActiveCfg = Debug|Any CPU
		{B2E92BA8-51CD-4B67-BF69-1864C0C0E47D}.Debug|Any CPU.Build.0 = Debug|Any CPU
		{B2E92BA8-51CD-4B67-BF69-1864C0C0E47D}.Release|Any CPU.ActiveCfg = Release|Any CPU
		{B2E92BA8-51CD-4B67-BF69-1864C0C0E47D}.Release|Any CPU.Build.0 = Release|Any CPU
	EndGlobalSection
	GlobalSection(SolutionProperties) = preSolution
		HideSolutionNode = FALSE
	EndGlobalSection
	GlobalSection(ExtensibilityGlobals) = postSolution
		SolutionGuid = {C24B3E8E-EBEE-4288-8D25-F684BE72802D}
	EndGlobalSection
EndGlobal
